// !$*UTF8*$!
{
	archiveVersion = 1;
	classes = {
	};
	objectVersion = 51;
	objects = {

/* Begin PBXBuildFile section */
		2A6B995D4D90E6246D1F5B18 /* Pods_ChatApp.framework in Frameworks */ = {isa = PBXBuildFile; fileRef = 2CA0F21725988192BA9570F1 /* Pods_ChatApp.framework */; };
		A41750B5251F2BA900AF63E2 /* AppDelegate.swift in Sources */ = {isa = PBXBuildFile; fileRef = A41750B4251F2BA900AF63E2 /* AppDelegate.swift */; };
		A41750B7251F2BA900AF63E2 /* SceneDelegate.swift in Sources */ = {isa = PBXBuildFile; fileRef = A41750B6251F2BA900AF63E2 /* SceneDelegate.swift */; };
		A41750B9251F2BA900AF63E2 /* LoginViewController.swift in Sources */ = {isa = PBXBuildFile; fileRef = A41750B8251F2BA900AF63E2 /* LoginViewController.swift */; };
		A41750BC251F2BA900AF63E2 /* Main.storyboard in Resources */ = {isa = PBXBuildFile; fileRef = A41750BA251F2BA900AF63E2 /* Main.storyboard */; };
		A41750BE251F2BAB00AF63E2 /* Assets.xcassets in Resources */ = {isa = PBXBuildFile; fileRef = A41750BD251F2BAB00AF63E2 /* Assets.xcassets */; };
		A41750C1251F2BAB00AF63E2 /* LaunchScreen.storyboard in Resources */ = {isa = PBXBuildFile; fileRef = A41750BF251F2BAB00AF63E2 /* LaunchScreen.storyboard */; };
		A41750EB251F30BC00AF63E2 /* GoogleService-Info.plist in Resources */ = {isa = PBXBuildFile; fileRef = A41750EA251F30BC00AF63E2 /* GoogleService-Info.plist */; };
		A420F1DF25273DDB00646235 /* SettingsTableViewController.swift in Sources */ = {isa = PBXBuildFile; fileRef = A420F1DE25273DDB00646235 /* SettingsTableViewController.swift */; };
		A434C9BB2536C633000A5F60 /* GlobalFunctions.swift in Sources */ = {isa = PBXBuildFile; fileRef = A434C9BA2536C633000A5F60 /* GlobalFunctions.swift */; };
		A462E7CB252F25EA0050DCD9 /* FileStorage.swift in Sources */ = {isa = PBXBuildFile; fileRef = A462E7CA252F25EA0050DCD9 /* FileStorage.swift */; };
		A472BB86252C6A3700BA26C8 /* EditProfileTableViewController.swift in Sources */ = {isa = PBXBuildFile; fileRef = A472BB85252C6A3700BA26C8 /* EditProfileTableViewController.swift */; };
		A4CB960925208DE800422665 /* User.swift in Sources */ = {isa = PBXBuildFile; fileRef = A4CB960825208DE800422665 /* User.swift */; };
		A4CB96102520939E00422665 /* Constants.swift in Sources */ = {isa = PBXBuildFile; fileRef = A4CB960F2520939D00422665 /* Constants.swift */; };
		A4CB96132520A6C100422665 /* FCollectionReference.swift in Sources */ = {isa = PBXBuildFile; fileRef = A4CB96122520A6C100422665 /* FCollectionReference.swift */; };
		A4CB961E2520A91200422665 /* FirebaseUserListener.swift in Sources */ = {isa = PBXBuildFile; fileRef = A4CB961D2520A91200422665 /* FirebaseUserListener.swift */; };
/* End PBXBuildFile section */

/* Begin PBXFileReference section */
		2CA0F21725988192BA9570F1 /* Pods_ChatApp.framework */ = {isa = PBXFileReference; explicitFileType = wrapper.framework; includeInIndex = 0; path = Pods_ChatApp.framework; sourceTree = BUILT_PRODUCTS_DIR; };
		828CF3AFC55EF9EA2648FF34 /* Pods-ChatApp.release.xcconfig */ = {isa = PBXFileReference; includeInIndex = 1; lastKnownFileType = text.xcconfig; name = "Pods-ChatApp.release.xcconfig"; path = "Target Support Files/Pods-ChatApp/Pods-ChatApp.release.xcconfig"; sourceTree = "<group>"; };
		A41750B1251F2BA900AF63E2 /* ChatApp.app */ = {isa = PBXFileReference; explicitFileType = wrapper.application; includeInIndex = 0; path = ChatApp.app; sourceTree = BUILT_PRODUCTS_DIR; };
		A41750B4251F2BA900AF63E2 /* AppDelegate.swift */ = {isa = PBXFileReference; lastKnownFileType = sourcecode.swift; path = AppDelegate.swift; sourceTree = "<group>"; };
		A41750B6251F2BA900AF63E2 /* SceneDelegate.swift */ = {isa = PBXFileReference; lastKnownFileType = sourcecode.swift; path = SceneDelegate.swift; sourceTree = "<group>"; };
		A41750B8251F2BA900AF63E2 /* LoginViewController.swift */ = {isa = PBXFileReference; lastKnownFileType = sourcecode.swift; path = LoginViewController.swift; sourceTree = "<group>"; };
		A41750BB251F2BA900AF63E2 /* Base */ = {isa = PBXFileReference; lastKnownFileType = file.storyboard; name = Base; path = Base.lproj/Main.storyboard; sourceTree = "<group>"; };
		A41750BD251F2BAB00AF63E2 /* Assets.xcassets */ = {isa = PBXFileReference; lastKnownFileType = folder.assetcatalog; path = Assets.xcassets; sourceTree = "<group>"; };
		A41750C0251F2BAB00AF63E2 /* Base */ = {isa = PBXFileReference; lastKnownFileType = file.storyboard; name = Base; path = Base.lproj/LaunchScreen.storyboard; sourceTree = "<group>"; };
		A41750C2251F2BAB00AF63E2 /* Info.plist */ = {isa = PBXFileReference; lastKnownFileType = text.plist.xml; path = Info.plist; sourceTree = "<group>"; };
		A41750EA251F30BC00AF63E2 /* GoogleService-Info.plist */ = {isa = PBXFileReference; fileEncoding = 4; lastKnownFileType = text.plist.xml; path = "GoogleService-Info.plist"; sourceTree = "<group>"; };
		A420F1DE25273DDB00646235 /* SettingsTableViewController.swift */ = {isa = PBXFileReference; lastKnownFileType = sourcecode.swift; path = SettingsTableViewController.swift; sourceTree = "<group>"; };
		A434C9BA2536C633000A5F60 /* GlobalFunctions.swift */ = {isa = PBXFileReference; lastKnownFileType = sourcecode.swift; path = GlobalFunctions.swift; sourceTree = "<group>"; };
		A462E7CA252F25EA0050DCD9 /* FileStorage.swift */ = {isa = PBXFileReference; lastKnownFileType = sourcecode.swift; path = FileStorage.swift; sourceTree = "<group>"; };
		A472BB85252C6A3700BA26C8 /* EditProfileTableViewController.swift */ = {isa = PBXFileReference; lastKnownFileType = sourcecode.swift; path = EditProfileTableViewController.swift; sourceTree = "<group>"; };
		A4CB960825208DE800422665 /* User.swift */ = {isa = PBXFileReference; lastKnownFileType = sourcecode.swift; path = User.swift; sourceTree = "<group>"; };
		A4CB960F2520939D00422665 /* Constants.swift */ = {isa = PBXFileReference; lastKnownFileType = sourcecode.swift; path = Constants.swift; sourceTree = "<group>"; };
		A4CB96122520A6C100422665 /* FCollectionReference.swift */ = {isa = PBXFileReference; lastKnownFileType = sourcecode.swift; path = FCollectionReference.swift; sourceTree = "<group>"; };
		A4CB961D2520A91200422665 /* FirebaseUserListener.swift */ = {isa = PBXFileReference; lastKnownFileType = sourcecode.swift; path = FirebaseUserListener.swift; sourceTree = "<group>"; };
		A5B4FDF5139F165A046D562A /* Pods-ChatApp.debug.xcconfig */ = {isa = PBXFileReference; includeInIndex = 1; lastKnownFileType = text.xcconfig; name = "Pods-ChatApp.debug.xcconfig"; path = "Target Support Files/Pods-ChatApp/Pods-ChatApp.debug.xcconfig"; sourceTree = "<group>"; };
/* End PBXFileReference section */

/* Begin PBXFrameworksBuildPhase section */
		A41750AE251F2BA900AF63E2 /* Frameworks */ = {
			isa = PBXFrameworksBuildPhase;
			buildActionMask = 2147483647;
			files = (
				2A6B995D4D90E6246D1F5B18 /* Pods_ChatApp.framework in Frameworks */,
			);
			runOnlyForDeploymentPostprocessing = 0;
		};
/* End PBXFrameworksBuildPhase section */

/* Begin PBXGroup section */
		09E721383AF86A4CA9F517ED /* Frameworks */ = {
			isa = PBXGroup;
			children = (
				2CA0F21725988192BA9570F1 /* Pods_ChatApp.framework */,
			);
			name = Frameworks;
			sourceTree = "<group>";
		};
		A41750A8251F2BA900AF63E2 = {
			isa = PBXGroup;
			children = (
				A41750B3251F2BA900AF63E2 /* ChatApp */,
				A41750B2251F2BA900AF63E2 /* Products */,
				B4EFE3FDB732D4A78D84DA9F /* Pods */,
				09E721383AF86A4CA9F517ED /* Frameworks */,
			);
			sourceTree = "<group>";
		};
		A41750B2251F2BA900AF63E2 /* Products */ = {
			isa = PBXGroup;
			children = (
				A41750B1251F2BA900AF63E2 /* ChatApp.app */,
			);
			name = Products;
			sourceTree = "<group>";
		};
		A41750B3251F2BA900AF63E2 /* ChatApp */ = {
			isa = PBXGroup;
			children = (
				A4CB960B25208DEC00422665 /* Model */,
				A4C7A88625257E4A003892B6 /* Helpers */,
				A4CB96152520A7FB00422665 /* FirebaseHelpers */,
				A41750B4251F2BA900AF63E2 /* AppDelegate.swift */,
				A41750B6251F2BA900AF63E2 /* SceneDelegate.swift */,
				A41750B8251F2BA900AF63E2 /* LoginViewController.swift */,
				A420F1DE25273DDB00646235 /* SettingsTableViewController.swift */,
				A472BB85252C6A3700BA26C8 /* EditProfileTableViewController.swift */,
				A41750BA251F2BA900AF63E2 /* Main.storyboard */,
				A41750BD251F2BAB00AF63E2 /* Assets.xcassets */,
				A41750BF251F2BAB00AF63E2 /* LaunchScreen.storyboard */,
				A41750EA251F30BC00AF63E2 /* GoogleService-Info.plist */,
				A41750C2251F2BAB00AF63E2 /* Info.plist */,
			);
			path = ChatApp;
			sourceTree = "<group>";
		};
		A4C7A88625257E4A003892B6 /* Helpers */ = {
			isa = PBXGroup;
			children = (
				A4CB960F2520939D00422665 /* Constants.swift */,
				A434C9BA2536C633000A5F60 /* GlobalFunctions.swift */,
			);
			path = Helpers;
			sourceTree = "<group>";
		};
		A4CB960B25208DEC00422665 /* Model */ = {
			isa = PBXGroup;
			children = (
				A4CB960825208DE800422665 /* User.swift */,
			);
			path = Model;
			sourceTree = "<group>";
		};
		A4CB96152520A7FB00422665 /* FirebaseHelpers */ = {
			isa = PBXGroup;
			children = (
				A4CB96122520A6C100422665 /* FCollectionReference.swift */,
				A4CB961D2520A91200422665 /* FirebaseUserListener.swift */,
				A462E7CA252F25EA0050DCD9 /* FileStorage.swift */,
			);
			path = FirebaseHelpers;
			sourceTree = "<group>";
		};
		B4EFE3FDB732D4A78D84DA9F /* Pods */ = {
			isa = PBXGroup;
			children = (
				A5B4FDF5139F165A046D562A /* Pods-ChatApp.debug.xcconfig */,
				828CF3AFC55EF9EA2648FF34 /* Pods-ChatApp.release.xcconfig */,
			);
			path = Pods;
			sourceTree = "<group>";
		};
/* End PBXGroup section */

/* Begin PBXNativeTarget section */
		A41750B0251F2BA900AF63E2 /* ChatApp */ = {
			isa = PBXNativeTarget;
			buildConfigurationList = A41750C5251F2BAB00AF63E2 /* Build configuration list for PBXNativeTarget "ChatApp" */;
			buildPhases = (
				3DCBC64E42A4290C44698D22 /* [CP] Check Pods Manifest.lock */,
				A41750AD251F2BA900AF63E2 /* Sources */,
				A41750AE251F2BA900AF63E2 /* Frameworks */,
				A41750AF251F2BA900AF63E2 /* Resources */,
				45C464E9003F8C3EBEBA6185 /* [CP] Embed Pods Frameworks */,
			);
			buildRules = (
			);
			dependencies = (
			);
			name = ChatApp;
			productName = ChatApp;
			productReference = A41750B1251F2BA900AF63E2 /* ChatApp.app */;
			productType = "com.apple.product-type.application";
		};
/* End PBXNativeTarget section */

/* Begin PBXProject section */
		A41750A9251F2BA900AF63E2 /* Project object */ = {
			isa = PBXProject;
			attributes = {
				LastSwiftUpdateCheck = 1200;
				LastUpgradeCheck = 1200;
				TargetAttributes = {
					A41750B0251F2BA900AF63E2 = {
						CreatedOnToolsVersion = 12.0.1;
					};
				};
			};
			buildConfigurationList = A41750AC251F2BA900AF63E2 /* Build configuration list for PBXProject "ChatApp" */;
			compatibilityVersion = "Xcode 9.3";
			developmentRegion = en;
			hasScannedForEncodings = 0;
			knownRegions = (
				en,
				Base,
			);
			mainGroup = A41750A8251F2BA900AF63E2;
			productRefGroup = A41750B2251F2BA900AF63E2 /* Products */;
			projectDirPath = "";
			projectRoot = "";
			targets = (
				A41750B0251F2BA900AF63E2 /* ChatApp */,
			);
		};
/* End PBXProject section */

/* Begin PBXResourcesBuildPhase section */
		A41750AF251F2BA900AF63E2 /* Resources */ = {
			isa = PBXResourcesBuildPhase;
			buildActionMask = 2147483647;
			files = (
				A41750C1251F2BAB00AF63E2 /* LaunchScreen.storyboard in Resources */,
				A41750EB251F30BC00AF63E2 /* GoogleService-Info.plist in Resources */,
				A41750BE251F2BAB00AF63E2 /* Assets.xcassets in Resources */,
				A41750BC251F2BA900AF63E2 /* Main.storyboard in Resources */,
			);
			runOnlyForDeploymentPostprocessing = 0;
		};
/* End PBXResourcesBuildPhase section */

/* Begin PBXShellScriptBuildPhase section */
		3DCBC64E42A4290C44698D22 /* [CP] Check Pods Manifest.lock */ = {
			isa = PBXShellScriptBuildPhase;
			buildActionMask = 2147483647;
			files = (
			);
			inputFileListPaths = (
			);
			inputPaths = (
				"${PODS_PODFILE_DIR_PATH}/Podfile.lock",
				"${PODS_ROOT}/Manifest.lock",
			);
			name = "[CP] Check Pods Manifest.lock";
			outputFileListPaths = (
			);
			outputPaths = (
				"$(DERIVED_FILE_DIR)/Pods-ChatApp-checkManifestLockResult.txt",
			);
			runOnlyForDeploymentPostprocessing = 0;
			shellPath = /bin/sh;
			shellScript = "diff \"${PODS_PODFILE_DIR_PATH}/Podfile.lock\" \"${PODS_ROOT}/Manifest.lock\" > /dev/null\nif [ $? != 0 ] ; then\n    # print error to STDERR\n    echo \"error: The sandbox is not in sync with the Podfile.lock. Run 'pod install' or update your CocoaPods installation.\" >&2\n    exit 1\nfi\n# This output is used by Xcode 'outputs' to avoid re-running this script phase.\necho \"SUCCESS\" > \"${SCRIPT_OUTPUT_FILE_0}\"\n";
			showEnvVarsInLog = 0;
		};
		45C464E9003F8C3EBEBA6185 /* [CP] Embed Pods Frameworks */ = {
			isa = PBXShellScriptBuildPhase;
			buildActionMask = 2147483647;
			files = (
			);
			inputFileListPaths = (
				"${PODS_ROOT}/Target Support Files/Pods-ChatApp/Pods-ChatApp-frameworks-${CONFIGURATION}-input-files.xcfilelist",
			);
			name = "[CP] Embed Pods Frameworks";
			outputFileListPaths = (
				"${PODS_ROOT}/Target Support Files/Pods-ChatApp/Pods-ChatApp-frameworks-${CONFIGURATION}-output-files.xcfilelist",
			);
			runOnlyForDeploymentPostprocessing = 0;
			shellPath = /bin/sh;
			shellScript = "\"${PODS_ROOT}/Target Support Files/Pods-ChatApp/Pods-ChatApp-frameworks.sh\"\n";
			showEnvVarsInLog = 0;
		};
/* End PBXShellScriptBuildPhase section */

/* Begin PBXSourcesBuildPhase section */
		A41750AD251F2BA900AF63E2 /* Sources */ = {
			isa = PBXSourcesBuildPhase;
			buildActionMask = 2147483647;
			files = (
				A434C9BB2536C633000A5F60 /* GlobalFunctions.swift in Sources */,
				A4CB96132520A6C100422665 /* FCollectionReference.swift in Sources */,
				A462E7CB252F25EA0050DCD9 /* FileStorage.swift in Sources */,
				A4CB96102520939E00422665 /* Constants.swift in Sources */,
				A4CB960925208DE800422665 /* User.swift in Sources */,
				A41750B9251F2BA900AF63E2 /* LoginViewController.swift in Sources */,
				A420F1DF25273DDB00646235 /* SettingsTableViewController.swift in Sources */,
				A472BB86252C6A3700BA26C8 /* EditProfileTableViewController.swift in Sources */,
				A41750B5251F2BA900AF63E2 /* AppDelegate.swift in Sources */,
				A4CB961E2520A91200422665 /* FirebaseUserListener.swift in Sources */,
				A41750B7251F2BA900AF63E2 /* SceneDelegate.swift in Sources */,
			);
			runOnlyForDeploymentPostprocessing = 0;
		};
/* End PBXSourcesBuildPhase section */

/* Begin PBXVariantGroup section */
		A41750BA251F2BA900AF63E2 /* Main.storyboard */ = {
			isa = PBXVariantGroup;
			children = (
				A41750BB251F2BA900AF63E2 /* Base */,
			);
			name = Main.storyboard;
			sourceTree = "<group>";
		};
		A41750BF251F2BAB00AF63E2 /* LaunchScreen.storyboard */ = {
			isa = PBXVariantGroup;
			children = (
				A41750C0251F2BAB00AF63E2 /* Base */,
			);
			name = LaunchScreen.storyboard;
			sourceTree = "<group>";
		};
/* End PBXVariantGroup section */

/* Begin XCBuildConfiguration section */
		A41750C3251F2BAB00AF63E2 /* Debug */ = {
			isa = XCBuildConfiguration;
			buildSettings = {
				ALWAYS_SEARCH_USER_PATHS = NO;
				CLANG_ANALYZER_NONNULL = YES;
				CLANG_ANALYZER_NUMBER_OBJECT_CONVERSION = YES_AGGRESSIVE;
				CLANG_CXX_LANGUAGE_STANDARD = "gnu++14";
				CLANG_CXX_LIBRARY = "libc++";
				CLANG_ENABLE_MODULES = YES;
				CLANG_ENABLE_OBJC_ARC = YES;
				CLANG_ENABLE_OBJC_WEAK = YES;
				CLANG_WARN_BLOCK_CAPTURE_AUTORELEASING = YES;
				CLANG_WARN_BOOL_CONVERSION = YES;
				CLANG_WARN_COMMA = YES;
				CLANG_WARN_CONSTANT_CONVERSION = YES;
				CLANG_WARN_DEPRECATED_OBJC_IMPLEMENTATIONS = YES;
				CLANG_WARN_DIRECT_OBJC_ISA_USAGE = YES_ERROR;
				CLANG_WARN_DOCUMENTATION_COMMENTS = YES;
				CLANG_WARN_EMPTY_BODY = YES;
				CLANG_WARN_ENUM_CONVERSION = YES;
				CLANG_WARN_INFINITE_RECURSION = YES;
				CLANG_WARN_INT_CONVERSION = YES;
				CLANG_WARN_NON_LITERAL_NULL_CONVERSION = YES;
				CLANG_WARN_OBJC_IMPLICIT_RETAIN_SELF = YES;
				CLANG_WARN_OBJC_LITERAL_CONVERSION = YES;
				CLANG_WARN_OBJC_ROOT_CLASS = YES_ERROR;
				CLANG_WARN_QUOTED_INCLUDE_IN_FRAMEWORK_HEADER = YES;
				CLANG_WARN_RANGE_LOOP_ANALYSIS = YES;
				CLANG_WARN_STRICT_PROTOTYPES = YES;
				CLANG_WARN_SUSPICIOUS_MOVE = YES;
				CLANG_WARN_UNGUARDED_AVAILABILITY = YES_AGGRESSIVE;
				CLANG_WARN_UNREACHABLE_CODE = YES;
				CLANG_WARN__DUPLICATE_METHOD_MATCH = YES;
				COPY_PHASE_STRIP = NO;
				DEBUG_INFORMATION_FORMAT = dwarf;
				ENABLE_STRICT_OBJC_MSGSEND = YES;
				ENABLE_TESTABILITY = YES;
				GCC_C_LANGUAGE_STANDARD = gnu11;
				GCC_DYNAMIC_NO_PIC = NO;
				GCC_NO_COMMON_BLOCKS = YES;
				GCC_OPTIMIZATION_LEVEL = 0;
				GCC_PREPROCESSOR_DEFINITIONS = (
					"DEBUG=1",
					"$(inherited)",
				);
				GCC_WARN_64_TO_32_BIT_CONVERSION = YES;
				GCC_WARN_ABOUT_RETURN_TYPE = YES_ERROR;
				GCC_WARN_UNDECLARED_SELECTOR = YES;
				GCC_WARN_UNINITIALIZED_AUTOS = YES_AGGRESSIVE;
				GCC_WARN_UNUSED_FUNCTION = YES;
				GCC_WARN_UNUSED_VARIABLE = YES;
				IPHONEOS_DEPLOYMENT_TARGET = 14.0;
				MTL_ENABLE_DEBUG_INFO = INCLUDE_SOURCE;
				MTL_FAST_MATH = YES;
				ONLY_ACTIVE_ARCH = YES;
				SDKROOT = iphoneos;
				SWIFT_ACTIVE_COMPILATION_CONDITIONS = DEBUG;
				SWIFT_OPTIMIZATION_LEVEL = "-Onone";
			};
			name = Debug;
		};
		A41750C4251F2BAB00AF63E2 /* Release */ = {
			isa = XCBuildConfiguration;
			buildSettings = {
				ALWAYS_SEARCH_USER_PATHS = NO;
				CLANG_ANALYZER_NONNULL = YES;
				CLANG_ANALYZER_NUMBER_OBJECT_CONVERSION = YES_AGGRESSIVE;
				CLANG_CXX_LANGUAGE_STANDARD = "gnu++14";
				CLANG_CXX_LIBRARY = "libc++";
				CLANG_ENABLE_MODULES = YES;
				CLANG_ENABLE_OBJC_ARC = YES;
				CLANG_ENABLE_OBJC_WEAK = YES;
				CLANG_WARN_BLOCK_CAPTURE_AUTORELEASING = YES;
				CLANG_WARN_BOOL_CONVERSION = YES;
				CLANG_WARN_COMMA = YES;
				CLANG_WARN_CONSTANT_CONVERSION = YES;
				CLANG_WARN_DEPRECATED_OBJC_IMPLEMENTATIONS = YES;
				CLANG_WARN_DIRECT_OBJC_ISA_USAGE = YES_ERROR;
				CLANG_WARN_DOCUMENTATION_COMMENTS = YES;
				CLANG_WARN_EMPTY_BODY = YES;
				CLANG_WARN_ENUM_CONVERSION = YES;
				CLANG_WARN_INFINITE_RECURSION = YES;
				CLANG_WARN_INT_CONVERSION = YES;
				CLANG_WARN_NON_LITERAL_NULL_CONVERSION = YES;
				CLANG_WARN_OBJC_IMPLICIT_RETAIN_SELF = YES;
				CLANG_WARN_OBJC_LITERAL_CONVERSION = YES;
				CLANG_WARN_OBJC_ROOT_CLASS = YES_ERROR;
				CLANG_WARN_QUOTED_INCLUDE_IN_FRAMEWORK_HEADER = YES;
				CLANG_WARN_RANGE_LOOP_ANALYSIS = YES;
				CLANG_WARN_STRICT_PROTOTYPES = YES;
				CLANG_WARN_SUSPICIOUS_MOVE = YES;
				CLANG_WARN_UNGUARDED_AVAILABILITY = YES_AGGRESSIVE;
				CLANG_WARN_UNREACHABLE_CODE = YES;
				CLANG_WARN__DUPLICATE_METHOD_MATCH = YES;
				COPY_PHASE_STRIP = NO;
				DEBUG_INFORMATION_FORMAT = "dwarf-with-dsym";
				ENABLE_NS_ASSERTIONS = NO;
				ENABLE_STRICT_OBJC_MSGSEND = YES;
				GCC_C_LANGUAGE_STANDARD = gnu11;
				GCC_NO_COMMON_BLOCKS = YES;
				GCC_WARN_64_TO_32_BIT_CONVERSION = YES;
				GCC_WARN_ABOUT_RETURN_TYPE = YES_ERROR;
				GCC_WARN_UNDECLARED_SELECTOR = YES;
				GCC_WARN_UNINITIALIZED_AUTOS = YES_AGGRESSIVE;
				GCC_WARN_UNUSED_FUNCTION = YES;
				GCC_WARN_UNUSED_VARIABLE = YES;
				IPHONEOS_DEPLOYMENT_TARGET = 14.0;
				MTL_ENABLE_DEBUG_INFO = NO;
				MTL_FAST_MATH = YES;
				SDKROOT = iphoneos;
				SWIFT_COMPILATION_MODE = wholemodule;
				SWIFT_OPTIMIZATION_LEVEL = "-O";
				VALIDATE_PRODUCT = YES;
			};
			name = Release;
		};
		A41750C6251F2BAB00AF63E2 /* Debug */ = {
			isa = XCBuildConfiguration;
			baseConfigurationReference = A5B4FDF5139F165A046D562A /* Pods-ChatApp.debug.xcconfig */;
			buildSettings = {
				ASSETCATALOG_COMPILER_APPICON_NAME = AppIcon;
				ASSETCATALOG_COMPILER_GLOBAL_ACCENT_COLOR_NAME = AccentColor;
				CODE_SIGN_STYLE = Automatic;
				DEVELOPMENT_TEAM = SWPDQ88TSM;
				INFOPLIST_FILE = ChatApp/Info.plist;
				LD_RUNPATH_SEARCH_PATHS = (
					"$(inherited)",
					"@executable_path/Frameworks",
				);
				PRODUCT_BUNDLE_IDENTIFIER = ArtyomMihailovich.ChatApp;
				PRODUCT_NAME = "$(TARGET_NAME)";
				SWIFT_VERSION = 5.0;
				TARGETED_DEVICE_FAMILY = "1,2";
			};
			name = Debug;
		};
		A41750C7251F2BAB00AF63E2 /* Release */ = {
			isa = XCBuildConfiguration;
			baseConfigurationReference = 828CF3AFC55EF9EA2648FF34 /* Pods-ChatApp.release.xcconfig */;
			buildSettings = {
				ASSETCATALOG_COMPILER_APPICON_NAME = AppIcon;
				ASSETCATALOG_COMPILER_GLOBAL_ACCENT_COLOR_NAME = AccentColor;
				CODE_SIGN_STYLE = Automatic;
				DEVELOPMENT_TEAM = SWPDQ88TSM;
				INFOPLIST_FILE = ChatApp/Info.plist;
				LD_RUNPATH_SEARCH_PATHS = (
					"$(inherited)",
					"@executable_path/Frameworks",
				);
				PRODUCT_BUNDLE_IDENTIFIER = ArtyomMihailovich.ChatApp;
				PRODUCT_NAME = "$(TARGET_NAME)";
				SWIFT_VERSION = 5.0;
				TARGETED_DEVICE_FAMILY = "1,2";
			};
			name = Release;
		};
/* End XCBuildConfiguration section */

/* Begin XCConfigurationList section */
		A41750AC251F2BA900AF63E2 /* Build configuration list for PBXProject "ChatApp" */ = {
			isa = XCConfigurationList;
			buildConfigurations = (
				A41750C3251F2BAB00AF63E2 /* Debug */,
				A41750C4251F2BAB00AF63E2 /* Release */,
			);
			defaultConfigurationIsVisible = 0;
			defaultConfigurationName = Release;
		};
		A41750C5251F2BAB00AF63E2 /* Build configuration list for PBXNativeTarget "ChatApp" */ = {
			isa = XCConfigurationList;
			buildConfigurations = (
				A41750C6251F2BAB00AF63E2 /* Debug */,
				A41750C7251F2BAB00AF63E2 /* Release */,
			);
			defaultConfigurationIsVisible = 0;
			defaultConfigurationName = Release;
		};
/* End XCConfigurationList section */
	};
	rootObject = A41750A9251F2BA900AF63E2 /* Project object */;
}
